// !$*UTF8*$!
{
	archiveVersion = 1;
	classes = {
	};
	objectVersion = 46;
	objects = {

/* Begin PBXBuildFile section */
		F80E479D156CE66E0062170A /* UIKit.framework in Frameworks */ = {isa = PBXBuildFile; fileRef = F80E479C156CE66E0062170A /* UIKit.framework */; };
		F80E479F156CE66E0062170A /* Foundation.framework in Frameworks */ = {isa = PBXBuildFile; fileRef = F80E479E156CE66E0062170A /* Foundation.framework */; };
		F80E47A1156CE66E0062170A /* CoreGraphics.framework in Frameworks */ = {isa = PBXBuildFile; fileRef = F80E47A0156CE66E0062170A /* CoreGraphics.framework */; };
		F80E47A7156CE66E0062170A /* InfoPlist.strings in Resources */ = {isa = PBXBuildFile; fileRef = F80E47A5156CE66E0062170A /* InfoPlist.strings */; };
		F80E47A9156CE66E0062170A /* main.m in Sources */ = {isa = PBXBuildFile; fileRef = F80E47A8156CE66E0062170A /* main.m */; };
		F80E47AD156CE66E0062170A /* HelloWorldAppDelegate.m in Sources */ = {isa = PBXBuildFile; fileRef = F80E47AC156CE66E0062170A /* HelloWorldAppDelegate.m */; };
		F80E47B0156CE66E0062170A /* MainStoryboard.storyboard in Resources */ = {isa = PBXBuildFile; fileRef = F80E47AE156CE66E0062170A /* MainStoryboard.storyboard */; };
		F80E47B3156CE66E0062170A /* HelloWorldViewController.m in Sources */ = {isa = PBXBuildFile; fileRef = F80E47B2156CE66E0062170A /* HelloWorldViewController.m */; };
/* End PBXBuildFile section */

/* Begin PBXFileReference section */
		F80E4798156CE66E0062170A /* HelloWorld.app */ = {isa = PBXFileReference; explicitFileType = wrapper.application; includeInIndex = 0; path = HelloWorld.app; sourceTree = BUILT_PRODUCTS_DIR; };
		F80E479C156CE66E0062170A /* UIKit.framework */ = {isa = PBXFileReference; lastKnownFileType = wrapper.framework; name = UIKit.framework; path = System/Library/Frameworks/UIKit.framework; sourceTree = SDKROOT; };
		F80E479E156CE66E0062170A /* Foundation.framework */ = {isa = PBXFileReference; lastKnownFileType = wrapper.framework; name = Foundation.framework; path = System/Library/Frameworks/Foundation.framework; sourceTree = SDKROOT; };
		F80E47A0156CE66E0062170A /* CoreGraphics.framework */ = {isa = PBXFileReference; lastKnownFileType = wrapper.framework; name = CoreGraphics.framework; path = System/Library/Frameworks/CoreGraphics.framework; sourceTree = SDKROOT; };
		F80E47A4156CE66E0062170A /* HelloWorld-Info.plist */ = {isa = PBXFileReference; lastKnownFileType = text.plist.xml; path = "HelloWorld-Info.plist"; sourceTree = "<group>"; };
		F80E47A6156CE66E0062170A /* en */ = {isa = PBXFileReference; lastKnownFileType = text.plist.strings; name = en; path = en.lproj/InfoPlist.strings; sourceTree = "<group>"; };
		F80E47A8156CE66E0062170A /* main.m */ = {isa = PBXFileReference; lastKnownFileType = sourcecode.c.objc; path = main.m; sourceTree = "<group>"; };
		F80E47AA156CE66E0062170A /* HelloWorld-Prefix.pch */ = {isa = PBXFileReference; lastKnownFileType = sourcecode.c.h; path = "HelloWorld-Prefix.pch"; sourceTree = "<group>"; };
		F80E47AB156CE66E0062170A /* HelloWorldAppDelegate.h */ = {isa = PBXFileReference; lastKnownFileType = sourcecode.c.h; path = HelloWorldAppDelegate.h; sourceTree = "<group>"; };
		F80E47AC156CE66E0062170A /* HelloWorldAppDelegate.m */ = {isa = PBXFileReference; lastKnownFileType = sourcecode.c.objc; path = HelloWorldAppDelegate.m; sourceTree = "<group>"; };
		F80E47AF156CE66E0062170A /* en */ = {isa = PBXFileReference; lastKnownFileType = file.storyboard; name = en; path = en.lproj/MainStoryboard.storyboard; sourceTree = "<group>"; };
		F80E47B1156CE66E0062170A /* HelloWorldViewController.h */ = {isa = PBXFileReference; lastKnownFileType = sourcecode.c.h; path = HelloWorldViewController.h; sourceTree = "<group>"; };
		F80E47B2156CE66E0062170A /* HelloWorldViewController.m */ = {isa = PBXFileReference; lastKnownFileType = sourcecode.c.objc; path = HelloWorldViewController.m; sourceTree = "<group>"; };
/* End PBXFileReference section */

/* Begin PBXFrameworksBuildPhase section */
		F80E4795156CE66E0062170A /* Frameworks */ = {
			isa = PBXFrameworksBuildPhase;
			buildActionMask = 2147483647;
			files = (
				F80E479D156CE66E0062170A /* UIKit.framework in Frameworks */,
				F80E479F156CE66E0062170A /* Foundation.framework in Frameworks */,
				F80E47A1156CE66E0062170A /* CoreGraphics.framework in Frameworks */,
			);
			runOnlyForDeploymentPostprocessing = 0;
		};
/* End PBXFrameworksBuildPhase section */

/* Begin PBXGroup section */
		F80E478D156CE66D0062170A = {
			isa = PBXGroup;
			children = (
				F80E47A2156CE66E0062170A /* HelloWorld */,
				F80E479B156CE66E0062170A /* Frameworks */,
				F80E4799156CE66E0062170A /* Products */,
			);
			sourceTree = "<group>";
		};
		F80E4799156CE66E0062170A /* Products */ = {
			isa = PBXGroup;
			children = (
				F80E4798156CE66E0062170A /* HelloWorld.app */,
			);
			name = Products;
			sourceTree = "<group>";
		};
		F80E479B156CE66E0062170A /* Frameworks */ = {
			isa = PBXGroup;
			children = (
				F80E479C156CE66E0062170A /* UIKit.framework */,
				F80E479E156CE66E0062170A /* Foundation.framework */,
				F80E47A0156CE66E0062170A /* CoreGraphics.framework */,
			);
			name = Frameworks;
			sourceTree = "<group>";
		};
		F80E47A2156CE66E0062170A /* HelloWorld */ = {
			isa = PBXGroup;
			children = (
				F80E47AB156CE66E0062170A /* HelloWorldAppDelegate.h */,
				F80E47AC156CE66E0062170A /* HelloWorldAppDelegate.m */,
				F80E47AE156CE66E0062170A /* MainStoryboard.storyboard */,
				F80E47B1156CE66E0062170A /* HelloWorldViewController.h */,
				F80E47B2156CE66E0062170A /* HelloWorldViewController.m */,
				F80E47A3156CE66E0062170A /* Supporting Files */,
			);
			path = HelloWorld;
			sourceTree = "<group>";
		};
		F80E47A3156CE66E0062170A /* Supporting Files */ = {
			isa = PBXGroup;
			children = (
				F80E47A4156CE66E0062170A /* HelloWorld-Info.plist */,
				F80E47A5156CE66E0062170A /* InfoPlist.strings */,
				F80E47A8156CE66E0062170A /* main.m */,
				F80E47AA156CE66E0062170A /* HelloWorld-Prefix.pch */,
			);
			name = "Supporting Files";
			sourceTree = "<group>";
		};
/* End PBXGroup section */

/* Begin PBXNativeTarget section */
		F80E4797156CE66E0062170A /* HelloWorld */ = {
			isa = PBXNativeTarget;
			buildConfigurationList = F80E47B6156CE66E0062170A /* Build configuration list for PBXNativeTarget "HelloWorld" */;
			buildPhases = (
				F80E4794156CE66E0062170A /* Sources */,
				F80E4795156CE66E0062170A /* Frameworks */,
				F80E4796156CE66E0062170A /* Resources */,
			);
			buildRules = (
			);
			dependencies = (
			);
			name = HelloWorld;
			productName = HelloWorld;
			productReference = F80E4798156CE66E0062170A /* HelloWorld.app */;
			productType = "com.apple.product-type.application";
		};
/* End PBXNativeTarget section */

/* Begin PBXProject section */
		F80E478F156CE66D0062170A /* Project object */ = {
			isa = PBXProject;
			attributes = {
				CLASSPREFIX = HelloWorld;
				LastUpgradeCheck = 0430;
				ORGANIZATIONNAME = "Wegrass Interactive Co.,Ltd.";
			};
			buildConfigurationList = F80E4792156CE66D0062170A /* Build configuration list for PBXProject "HelloWorld" */;
			compatibilityVersion = "Xcode 3.2";
			developmentRegion = English;
			hasScannedForEncodings = 0;
			knownRegions = (
				en,
			);
			mainGroup = F80E478D156CE66D0062170A;
			productRefGroup = F80E4799156CE66E0062170A /* Products */;
			projectDirPath = "";
			projectRoot = "";
			targets = (
				F80E4797156CE66E0062170A /* HelloWorld */,
			);
		};
/* End PBXProject section */

/* Begin PBXResourcesBuildPhase section */
		F80E4796156CE66E0062170A /* Resources */ = {
			isa = PBXResourcesBuildPhase;
			buildActionMask = 2147483647;
			files = (
				F80E47A7156CE66E0062170A /* InfoPlist.strings in Resources */,
				F80E47B0156CE66E0062170A /* MainStoryboard.storyboard in Resources */,
			);
			runOnlyForDeploymentPostprocessing = 0;
		};
/* End PBXResourcesBuildPhase section */

/* Begin PBXSourcesBuildPhase section */
		F80E4794156CE66E0062170A /* Sources */ = {
			isa = PBXSourcesBuildPhase;
			buildActionMask = 2147483647;
			files = (
				F80E47A9156CE66E0062170A /* main.m in Sources */,
				F80E47AD156CE66E0062170A /* HelloWorldAppDelegate.m in Sources */,
				F80E47B3156CE66E0062170A /* HelloWorldViewController.m in Sources */,
			);
			runOnlyForDeploymentPostprocessing = 0;
		};
/* End PBXSourcesBuildPhase section */

/* Begin PBXVariantGroup section */
		F80E47A5156CE66E0062170A /* InfoPlist.strings */ = {
			isa = PBXVariantGroup;
			children = (
				F80E47A6156CE66E0062170A /* en */,
			);
			name = InfoPlist.strings;
			sourceTree = "<group>";
		};
		F80E47AE156CE66E0062170A /* MainStoryboard.storyboard */ = {
			isa = PBXVariantGroup;
			children = (
				F80E47AF156CE66E0062170A /* en */,
			);
			name = MainStoryboard.storyboard;
			sourceTree = "<group>";
		};
/* End PBXVariantGroup section */

/* Begin XCBuildConfiguration section */
		F80E47B4156CE66E0062170A /* Debug */ = {
			isa = XCBuildConfiguration;
			buildSettings = {
				ALWAYS_SEARCH_USER_PATHS = NO;
				ARCHS = "$(ARCHS_STANDARD_32_BIT)";
				CLANG_ENABLE_OBJC_ARC = YES;
				"CODE_SIGN_IDENTITY[sdk=iphoneos*]" = "iPhone Developer";
				COPY_PHASE_STRIP = NO;
				GCC_C_LANGUAGE_STANDARD = gnu99;
				GCC_DYNAMIC_NO_PIC = NO;
				GCC_OPTIMIZATION_LEVEL = 0;
				GCC_PREPROCESSOR_DEFINITIONS = (
					"DEBUG=1",
					"$(inherited)",
				);
				GCC_SYMBOLS_PRIVATE_EXTERN = NO;
				GCC_VERSION = com.apple.compilers.llvm.clang.1_0;
				GCC_WARN_ABOUT_RETURN_TYPE = YES;
				GCC_WARN_UNINITIALIZED_AUTOS = YES;
				GCC_WARN_UNUSED_VARIABLE = YES;
				IPHONEOS_DEPLOYMENT_TARGET = 5.1;
				SDKROOT = iphoneos;
			};
			name = Debug;
		};
		F80E47B5156CE66E0062170A /* Release */ = {
			isa = XCBuildConfiguration;
			buildSettings = {
				ALWAYS_SEARCH_USER_PATHS = NO;
				ARCHS = "$(ARCHS_STANDARD_32_BIT)";
				CLANG_ENABLE_OBJC_ARC = YES;
				"CODE_SIGN_IDENTITY[sdk=iphoneos*]" = "iPhone Developer";
				COPY_PHASE_STRIP = YES;
				GCC_C_LANGUAGE_STANDARD = gnu99;
				GCC_VERSION = com.apple.compilers.llvm.clang.1_0;
				GCC_WARN_ABOUT_RETURN_TYPE = YES;
				GCC_WARN_UNINITIALIZED_AUTOS = YES;
				GCC_WARN_UNUSED_VARIABLE = YES;
				IPHONEOS_DEPLOYMENT_TARGET = 5.1;
				OTHER_CFLAGS = "-DNS_BLOCK_ASSERTIONS=1";
				SDKROOT = iphoneos;
				VALIDATE_PRODUCT = YES;
			};
			name = Release;
		};
		F80E47B7156CE66E0062170A /* Debug */ = {
			isa = XCBuildConfiguration;
			buildSettings = {
				GCC_PRECOMPILE_PREFIX_HEADER = YES;
				GCC_PREFIX_HEADER = "HelloWorld/HelloWorld-Prefix.pch";
				INFOPLIST_FILE = "HelloWorld/HelloWorld-Info.plist";
				IPHONEOS_DEPLOYMENT_TARGET = 5.1;
				PRODUCT_NAME = "$(TARGET_NAME)";
				WRAPPER_EXTENSION = app;
			};
			name = Debug;
		};
		F80E47B8156CE66E0062170A /* Release */ = {
			isa = XCBuildConfiguration;
			buildSettings = {
				GCC_PRECOMPILE_PREFIX_HEADER = YES;
				GCC_PREFIX_HEADER = "HelloWorld/HelloWorld-Prefix.pch";
				INFOPLIST_FILE = "HelloWorld/HelloWorld-Info.plist";
				IPHONEOS_DEPLOYMENT_TARGET = 5.1;
				PRODUCT_NAME = "$(TARGET_NAME)";
				WRAPPER_EXTENSION = app;
			};
			name = Release;
		};
/* End XCBuildConfiguration section */

/* Begin XCConfigurationList section */
		F80E4792156CE66D0062170A /* Build configuration list for PBXProject "HelloWorld" */ = {
			isa = XCConfigurationList;
			buildConfigurations = (
				F80E47B4156CE66E0062170A /* Debug */,
				F80E47B5156CE66E0062170A /* Release */,
			);
			defaultConfigurationIsVisible = 0;
			defaultConfigurationName = Release;
		};
		F80E47B6156CE66E0062170A /* Build configuration list for PBXNativeTarget "HelloWorld" */ = {
			isa = XCConfigurationList;
			buildConfigurations = (
				F80E47B7156CE66E0062170A /* Debug */,
				F80E47B8156CE66E0062170A /* Release */,
			);
			defaultConfigurationIsVisible = 0;
		};
/* End XCConfigurationList section */
	};
	rootObject = F80E478F156CE66D0062170A /* Project object */;
}
